version = 1
revision = 3
requires-python = ">=3.11"
resolution-markers = [
    "python_full_version >= '3.13'",
    "python_full_version == '3.12.*'",
    "python_full_version < '3.12'",
]

[[package]]
name = "ansi-escapes"
version = "0.1.1"
source = { registry = "https://pypi.org/simple" }
sdist = { url = "https://files.pythonhosted.org/packages/57/3c/e90e9017f3fce4841ebdf39af12480e54dbfdb2592d0f9264733f4bfd23c/ansi-escapes-0.1.1.tar.gz", hash = "sha256:dbe59dd683e9a05a9821cdc3f190ed2a98ffd08d555920da2c36a898d67724d4", size = 5142, upload-time = "2021-05-22T22:40:47.393Z" }
wheels = [
    { url = "https://files.pythonhosted.org/packages/6b/cc/d7fe3ab06f2f5ce3056cdbcc5424d77f58fbc34355ef5de995b9ffc3119b/ansi_escapes-0.1.1-py3-none-any.whl", hash = "sha256:543035918c38b758ddf80661178eecc67f602b035c37ebfa75c319382bfd9219", size = 4709, upload-time = "2021-05-22T22:40:48.68Z" },
]

[[package]]
name = "anyio"
version = "4.13.0"
source = { registry = "https://pypi.org/simple" }
dependencies = [
    { name = "idna" },
    { name = "typing-extensions", marker = "python_full_version < '3.13'" },
]
sdist = { url = "https://files.pythonhosted.org/packages/19/14/2c5dd9f512b66549ae92767a9c7b330ae88e1932ca57876909410251fe13/anyio-4.13.0.tar.gz", hash = "sha256:334b70e641fd2221c1505b3890c69882fe4a2df910cba14d97019b90b24439dc", size = 231622, upload-time = "2026-03-24T12:59:09.671Z" }
wheels = [
    { url = "https://files.pythonhosted.org/packages/da/42/e921fccf5015463e32a3cf6ee7f980a6ed0f395ceeaa45060b61d86486c2/anyio-4.13.0-py3-none-any.whl", hash = "sha256:08b310f9e24a9594186fd75b4f73f4a4152069e3853f1ed8bfbf58369f4ad708", size = 114353, upload-time = "2026-03-24T12:59:08.246Z" },
]

[[package]]
name = "beautifhy"
version = "1.1.3"
source = { registry = "https://pypi.org/simple" }
resolution-markers = [
    "python_full_version == '3.12.*'",
]
dependencies = [
    { name = "hy", marker = "python_full_version == '3.12.*'" },
    { name = "hyrule", marker = "python_full_version == '3.12.*'" },
    { name = "multimethod", marker = "python_full_version == '3.12.*'" },
    { name = "prompt-toolkit", marker = "python_full_version == '3.12.*'" },
    { name = "pygments", marker = "python_full_version == '3.12.*'" },
    { name = "toolz", marker = "python_full_version == '3.12.*'" },
]
sdist = { url = "https://files.pythonhosted.org/packages/bd/94/e1dd16279f60b52370d824dc03662efe10eb09a47c0f787e3be97f8d024f/beautifhy-1.1.3.tar.gz", hash = "sha256:36df0458e03353c236badb2403aa9b1c86bb50344f48a5c435522915f906bbaf", size = 15447, upload-time = "2025-12-07T20:06:17.532Z" }
wheels = [
    { url = "https://files.pythonhosted.org/packages/cd/57/fff0d13354fbe2b5decdbb2b88e3551a1c37b8bd03e5364ecb74605cd489/beautifhy-1.1.3-py3-none-any.whl", hash = "sha256:23c00fcae012f63eecd18cdd80b621e0582779e3e7c5c156bdd5b37f7ed3bd88", size = 16323, upload-time = "2025-12-07T20:06:16.188Z" },
]

[[package]]
name = "beautifhy"
version = "1.2.5"
source = { registry = "https://pypi.org/simple" }
resolution-markers = [
    "python_full_version >= '3.13'",
]
dependencies = [
    { name = "hy", marker = "python_full_version >= '3.13'" },
    { name = "hyrule", marker = "python_full_version >= '3.13'" },
    { name = "multimethod", marker = "python_full_version >= '3.13'" },
    { name = "pygments", marker = "python_full_version >= '3.13'" },
    { name = "toolz", marker = "python_full_version >= '3.13'" },
]
sdist = { url = "https://files.pythonhosted.org/packages/d6/19/3a833c755de1ea7ad8eea7c452b84ae5e120332079849d1cd8fdee9ac455/beautifhy-1.2.5.tar.gz", hash = "sha256:cd37ac3d88fe2907d3437084ef9a7539fe0b2602c1300a3c7b4e34f62d4854d2", size = 18403, upload-time = "2026-04-24T18:30:33.377Z" }
wheels = [
    { url = "https://files.pythonhosted.org/packages/c8/c4/4e34634ffed2deb17972452be19d5c93de8b3c4f23352a5d05a31b437487/beautifhy-1.2.5-py3-none-any.whl", hash = "sha256:86faab118cd0464a39e429d21f757cb5f896d7d7a0976c48cb410c01f126dc94", size = 19233, upload-time = "2026-04-24T18:30:32.216Z" },
]

[[package]]
name = "certifi"
version = "2026.4.22"
source = { registry = "https://pypi.org/simple" }
sdist = { url = "https://files.pythonhosted.org/packages/25/ee/6caf7a40c36a1220410afe15a1cc64993a1f864871f698c0f93acb72842a/certifi-2026.4.22.tar.gz", hash = "sha256:8d455352a37b71bf76a79caa83a3d6c25afee4a385d632127b6afb3963f1c580", size = 137077, upload-time = "2026-04-22T11:26:11.191Z" }
wheels = [
    { url = "https://files.pythonhosted.org/packages/22/30/7cd8fdcdfbc5b869528b079bfb76dcdf6056b1a2097a662e5e8c04f42965/certifi-2026.4.22-py3-none-any.whl", hash = "sha256:3cb2210c8f88ba2318d29b0388d1023c8492ff72ecdde4ebdaddbb13a31b1c4a", size = 135707, upload-time = "2026-04-22T11:26:09.372Z" },
]

[[package]]
name = "click"
version = "8.3.3"
source = { registry = "https://pypi.org/simple" }
dependencies = [
    { name = "colorama", marker = "python_full_version >= '3.13' and sys_platform == 'win32'" },
]
sdist = { url = "https://files.pythonhosted.org/packages/bb/63/f9e1ea081ce35720d8b92acde70daaedace594dc93b693c869e0d5910718/click-8.3.3.tar.gz", hash = "sha256:398329ad4837b2ff7cbe1dd166a4c0f8900c3ca3a218de04466f38f6497f18a2", size = 328061, upload-time = "2026-04-22T15:11:27.506Z" }
wheels = [
    { url = "https://files.pythonhosted.org/packages/ae/44/c1221527f6a71a01ec6fbad7fa78f1d50dfa02217385cf0fa3eec7087d59/click-8.3.3-py3-none-any.whl", hash = "sha256:a2bf429bb3033c89fa4936ffb35d5cb471e3719e1f3c8a7c3fff0b8314305613", size = 110502, upload-time = "2026-04-22T15:11:25.044Z" },
]

[[package]]
name = "colorama"
version = "0.4.6"
source = { registry = "https://pypi.org/simple" }
sdist = { url = "https://files.pythonhosted.org/packages/d8/53/6f443c9a4a8358a93a6792e2acffb9d9d5cb0a5cfd8802644b7b1c9a02e4/colorama-0.4.6.tar.gz", hash = "sha256:08695f5cb7ed6e0531a20572697297273c47b8cae5a63ffc6d6ed5c201be6e44", size = 27697, upload-time = "2022-10-25T02:36:22.414Z" }
wheels = [
    { url = "https://files.pythonhosted.org/packages/d1/d6/3965ed04c63042e047cb6a3e6ed1a63a35087b6a609aa3a15ed8ac56c221/colorama-0.4.6-py2.py3-none-any.whl", hash = "sha256:4f1d9991f5acc0ca119f9d443620b77f9d6b33703e51011c16baf57afb285fc6", size = 25335, upload-time = "2022-10-25T02:36:20.889Z" },
]

[[package]]
name = "colorist"
version = "1.8.13"
source = { registry = "https://pypi.org/simple" }
sdist = { url = "https://files.pythonhosted.org/packages/8d/d5/d1db9c545c69d13d5305f441aa704c6656d97429494ed212246c988b9182/colorist-1.8.13.tar.gz", hash = "sha256:c05f82f088327b9c3f11aca57b20d44c8f6403e96096b83a14febc7b1e149fe5", size = 19815, upload-time = "2026-03-26T21:10:37.595Z" }
wheels = [
    { url = "https://files.pythonhosted.org/packages/f2/c9/6a619923a4b2e0bed5857b9664beba058d6efaad4ca2952cbafe9f3a6701/colorist-1.8.13-py3-none-any.whl", hash = "sha256:9c7f34694e67c717d0ecaade15aa2d74c7d34912bb0104458fb0316424dd2bc7", size = 46470, upload-time = "2026-03-26T21:10:36.03Z" },
]

[[package]]
name = "funcparserlib"
version = "1.0.1"
source = { registry = "https://pypi.org/simple" }
sdist = { url = "https://files.pythonhosted.org/packages/93/44/a21dfd9c45ad6909257e5186378a4fedaf41406824ce1ec06bc2a6c168e7/funcparserlib-1.0.1.tar.gz", hash = "sha256:a2c4a0d7942f7a0e7635c369d921066c8d4cae7f8b5bf7914466bec3c69837f4", size = 17238, upload-time = "2022-11-03T23:10:54.553Z" }
wheels = [
    { url = "https://files.pythonhosted.org/packages/83/66/acd740d84f59c655935f586c113a863aa404dfe932052a68a1163d88ea63/funcparserlib-1.0.1-py2.py3-none-any.whl", hash = "sha256:95da15d3f0d00b9b6f4bf04005c708af3faa115f7b45692ace064ebe758c68e8", size = 17842, upload-time = "2022-11-03T23:10:53.434Z" },
]

[[package]]
name = "h11"
version = "0.16.0"
source = { registry = "https://pypi.org/simple" }
sdist = { url = "https://files.pythonhosted.org/packages/01/ee/02a2c011bdab74c6fb3c75474d40b3052059d95df7e73351460c8588d963/h11-0.16.0.tar.gz", hash = "sha256:4e35b956cf45792e4caa5885e69fba00bdbc6ffafbfa020300e549b208ee5ff1", size = 101250, upload-time = "2025-04-24T03:35:25.427Z" }
wheels = [
    { url = "https://files.pythonhosted.org/packages/04/4b/29cac41a4d98d144bf5f6d33995617b185d14b22401f75ca86f384e87ff1/h11-0.16.0-py3-none-any.whl", hash = "sha256:63cf8bbe7522de3bf65932fda1d9c2772064ffb3dae62d55932da54b31cb6c86", size = 37515, upload-time = "2025-04-24T03:35:24.344Z" },
]

[[package]]
name = "httpcore"
version = "1.0.9"
source = { registry = "https://pypi.org/simple" }
dependencies = [
    { name = "certifi" },
    { name = "h11" },
]
sdist = { url = "https://files.pythonhosted.org/packages/06/94/82699a10bca87a5556c9c59b5963f2d039dbd239f25bc2a63907a05a14cb/httpcore-1.0.9.tar.gz", hash = "sha256:6e34463af53fd2ab5d807f399a9b45ea31c3dfa2276f15a2c3f00afff6e176e8", size = 85484, upload-time = "2025-04-24T22:06:22.219Z" }
wheels = [
    { url = "https://files.pythonhosted.org/packages/7e/f5/f66802a942d491edb555dd61e3a9961140fd64c90bce1eafd741609d334d/httpcore-1.0.9-py3-none-any.whl", hash = "sha256:2d400746a40668fc9dec9810239072b40b4484b640a8c38fd654a024c7a1bf55", size = 78784, upload-time = "2025-04-24T22:06:20.566Z" },
]

[[package]]
name = "httpx"
version = "0.28.1"
source = { registry = "https://pypi.org/simple" }
dependencies = [
    { name = "anyio" },
    { name = "certifi" },
    { name = "httpcore" },
    { name = "idna" },
]
sdist = { url = "https://files.pythonhosted.org/packages/b1/df/48c586a5fe32a0f01324ee087459e112ebb7224f646c0b5023f5e79e9956/httpx-0.28.1.tar.gz", hash = "sha256:75e98c5f16b0f35b567856f597f06ff2270a374470a5c2392242528e3e3e42fc", size = 141406, upload-time = "2024-12-06T15:37:23.222Z" }
wheels = [
    { url = "https://files.pythonhosted.org/packages/2a/39/e50c7c3a983047577ee07d2a9e53faf5a69493943ec3f6a384bdc792deb2/httpx-0.28.1-py3-none-any.whl", hash = "sha256:d909fcccc110f8c7faf814ca82a9a4d816bc5a6dbfea25d6591d6985b8ba59ad", size = 73517, upload-time = "2024-12-06T15:37:21.509Z" },
]

[[package]]
name = "hy"
version = "1.2.0"
source = { registry = "https://pypi.org/simple" }
dependencies = [
    { name = "funcparserlib" },
]
sdist = { url = "https://files.pythonhosted.org/packages/4f/65/4e9976d7dfedc2c929534de8455bafa7b78b621a6bb18e9a4d0e19b9d89d/hy-1.2.0.tar.gz", hash = "sha256:fa1a193fb2ccbe977681b15cc59094b2ee5ff4e22119fd723f8a35951003cf76", size = 124575, upload-time = "2026-01-14T17:56:35.659Z" }

[[package]]
name = "hyjinx"
version = "1.0.11"
source = { registry = "https://pypi.org/simple" }
resolution-markers = [
    "python_full_version < '3.12'",
]
dependencies = [
    { name = "ansi-escapes", marker = "python_full_version < '3.12'" },
    { name = "hy", marker = "python_full_version < '3.12'" },
    { name = "hyrule", marker = "python_full_version < '3.12'" },
    { name = "json-repair", marker = "python_full_version < '3.12'" },
    { name = "more-itertools", marker = "python_full_version < '3.12'" },
    { name = "multimethod", marker = "python_full_version < '3.12'" },
    { name = "pansi", marker = "python_full_version < '3.12'" },
    { name = "platformdirs", marker = "python_full_version < '3.12'" },
    { name = "pygments", marker = "python_full_version < '3.12'" },
    { name = "python-magic", marker = "python_full_version < '3.12'" },
    { name = "toolz", marker = "python_full_version < '3.12'" },
]
sdist = { url = "https://files.pythonhosted.org/packages/94/a9/3b1097963f01e1580e84255a6ca17b30748e556c1a39fccb95aeaea9a0c7/hyjinx-1.0.11.tar.gz", hash = "sha256:5d1a06f4f20dfc53f106c1964c826deb08f8cb8fae286c1c6a57a7c0895e9703", size = 46339, upload-time = "2025-02-05T12:09:47.227Z" }
wheels = [
    { url = "https://files.pythonhosted.org/packages/41/47/9ac9fc84e5481fa90b00cc703505bdab98e209cb7bc4c3f7a66545b464fa/hyjinx-1.0.11-py3-none-any.whl", hash = "sha256:437468e3470ca30e04fa8b07bbb6f0d1117e1a1d672e11b12575293ace882b3c", size = 49461, upload-time = "2025-02-05T12:09:44.918Z" },
]

[[package]]
name = "hyjinx"
version = "1.1.1"
source = { registry = "https://pypi.org/simple" }
resolution-markers = [
    "python_full_version == '3.12.*'",
]
dependencies = [
    { name = "ansi-escapes", marker = "python_full_version == '3.12.*'" },
    { name = "beautifhy", version = "1.1.3", source = { registry = "https://pypi.org/simple" }, marker = "python_full_version == '3.12.*'" },
    { name = "colorist", marker = "python_full_version == '3.12.*'" },
    { name = "hy", marker = "python_full_version == '3.12.*'" },
    { name = "hyrule", marker = "python_full_version == '3.12.*'" },
    { name = "json-repair", marker = "python_full_version == '3.12.*'" },
    { name = "more-itertools", marker = "python_full_version == '3.12.*'" },
    { name = "multimethod", marker = "python_full_version == '3.12.*'" },
    { name = "platformdirs", marker = "python_full_version == '3.12.*'" },
    { name = "pygments", marker = "python_full_version == '3.12.*'" },
    { name = "python-magic", marker = "python_full_version == '3.12.*'" },
    { name = "toolz", marker = "python_full_version == '3.12.*'" },
]
sdist = { url = "https://files.pythonhosted.org/packages/d8/aa/192699cd627f6d5bea578ee07379ef4afab81789832bacb799941cb99e09/hyjinx-1.1.1.tar.gz", hash = "sha256:33f5cd0aa014dbe840acf63c09c3b28c951d84ca16001111a6a8eb8b88146aee", size = 41951, upload-time = "2025-10-20T10:51:12.015Z" }
wheels = [
    { url = "https://files.pythonhosted.org/packages/9b/c1/7069f273db8b725f882dfda5bbbc150733a88714e7cd3dbe47d6ba57a413/hyjinx-1.1.1-py3-none-any.whl", hash = "sha256:7128c7a7475233186643bc25e4b8596457a7967e9080570826b4df0dbda60bab", size = 44888, upload-time = "2025-10-20T10:51:10.382Z" },
]

[[package]]
name = "hyjinx"
version = "1.2.4"
source = { registry = "https://pypi.org/simple" }
resolution-markers = [
    "python_full_version >= '3.13'",
]
dependencies = [
    { name = "ansi-escapes", marker = "python_full_version >= '3.13'" },
    { name = "beautifhy", version = "1.2.5", source = { registry = "https://pypi.org/simple" }, marker = "python_full_version >= '3.13'" },
    { name = "click", marker = "python_full_version >= '3.13'" },
    { name = "colorist", marker = "python_full_version >= '3.13'" },
    { name = "hy", marker = "python_full_version >= '3.13'" },
    { name = "hyrule", marker = "python_full_version >= '3.13'" },
    { name = "json-repair", marker = "python_full_version >= '3.13'" },
    { name = "more-itertools", marker = "python_full_version >= '3.13'" },
    { name = "multimethod", marker = "python_full_version >= '3.13'" },
    { name = "platformdirs", marker = "python_full_version >= '3.13'" },
    { name = "python-magic", marker = "python_full_version >= '3.13'" },
    { name = "toolz", marker = "python_full_version >= '3.13'" },
]
sdist = { url = "https://files.pythonhosted.org/packages/f8/fb/4ac01709cce244eafecb8d14bc267dac37c4cee30060a10c2c28e6573dcc/hyjinx-1.2.4.tar.gz", hash = "sha256:b0851dea1b4688e4ad16c49ac1913aa40c0a2bf09f5209274ac67574471f4517", size = 55205, upload-time = "2026-04-15T10:33:56.217Z" }
wheels = [
    { url = "https://files.pythonhosted.org/packages/67/24/dec4844fdae15ef7d87b752738451c14433d17244220970403cb10391bdc/hyjinx-1.2.4-py3-none-any.whl", hash = "sha256:f7da123e9f2738103a2718696bb5ba736ee8e2dda455725861d5d109ac50f340", size = 52826, upload-time = "2026-04-15T10:33:54.436Z" },
]

[[package]]
name = "hyrule"
version = "1.0.1"
source = { registry = "https://pypi.org/simple" }
dependencies = [
    { name = "hy" },
]
sdist = { url = "https://files.pythonhosted.org/packages/b7/76/df9179486a141be76c223599151c21d2aab6e346829587c0099f18b2176d/hyrule-1.0.1.tar.gz", hash = "sha256:3647d5650cf5b0c728fcbbe3a74f551752a637c69b1a85aef91f6573e81009e7", size = 33503, upload-time = "2025-11-19T19:25:10.915Z" }

[[package]]
name = "idna"
version = "3.13"
source = { registry = "https://pypi.org/simple" }
sdist = { url = "https://files.pythonhosted.org/packages/ce/cc/762dfb036166873f0059f3b7de4565e1b5bc3d6f28a414c13da27e442f99/idna-3.13.tar.gz", hash = "sha256:585ea8fe5d69b9181ec1afba340451fba6ba764af97026f92a91d4eef164a242", size = 194210, upload-time = "2026-04-22T16:42:42.314Z" }
wheels = [
    { url = "https://files.pythonhosted.org/packages/5d/13/ad7d7ca3808a898b4612b6fe93cde56b53f3034dcde235acb1f0e1df24c6/idna-3.13-py3-none-any.whl", hash = "sha256:892ea0cde124a99ce773decba204c5552b69c3c67ffd5f232eb7696135bc8bb3", size = 68629, upload-time = "2026-04-22T16:42:40.909Z" },
]

[[package]]
name = "json-repair"
version = "0.59.5"
source = { registry = "https://pypi.org/simple" }
sdist = { url = "https://files.pythonhosted.org/packages/b7/67/eba7fad54ff6f5cce6db4e01f596fc68156b5c7e864af0aa07ad48e880a1/json_repair-0.59.5.tar.gz", hash = "sha256:bb886ee054e99066be8a337b67a986b6a50d79be9a5ad37ae81966e698990784", size = 48632, upload-time = "2026-04-24T11:41:38.133Z" }
wheels = [
    { url = "https://files.pythonhosted.org/packages/3e/aa/0529dee460b745b93f6abc97b56b7527314c5167ba29ab7a5bd5c08de01f/json_repair-0.59.5-py3-none-any.whl", hash = "sha256:6869965bd1cc1aaaa04dc85865c26fbb76d9a2d83a20010f5eae2563b1567827", size = 47282, upload-time = "2026-04-24T11:41:36.653Z" },
]

[[package]]
name = "more-itertools"
version = "11.0.2"
source = { registry = "https://pypi.org/simple" }
sdist = { url = "https://files.pythonhosted.org/packages/a2/f7/139d22fef48ac78127d18e01d80cf1be40236ae489769d17f35c3d425293/more_itertools-11.0.2.tar.gz", hash = "sha256:392a9e1e362cbc106a2457d37cabf9b36e5e12efd4ebff1654630e76597df804", size = 144659, upload-time = "2026-04-09T15:01:33.297Z" }
wheels = [
    { url = "https://files.pythonhosted.org/packages/cb/98/6af411189d9413534c3eb691182bff1f5c6d44ed2f93f2edfe52a1bbceb8/more_itertools-11.0.2-py3-none-any.whl", hash = "sha256:6e35b35f818b01f691643c6c611bc0902f2e92b46c18fffa77ae1e7c46e912e4", size = 71939, upload-time = "2026-04-09T15:01:32.21Z" },
]

[[package]]
name = "multimethod"
version = "2.0.2"
source = { registry = "https://pypi.org/simple" }
sdist = { url = "https://files.pythonhosted.org/packages/b1/2d/6274e03d1d656f329f3546140a536fc728b68a1ef123d0deebc751541473/multimethod-2.0.2.tar.gz", hash = "sha256:4f753e9ef0eb08f25037fb7d04f3de22547716c4af257a978e1c4d660edab8f4", size = 15657, upload-time = "2025-11-18T01:16:33.222Z" }
wheels = [
    { url = "https://files.pythonhosted.org/packages/e2/3d/44e60142e058f7e41d0ab19e7f5cc9d77a00833fd6f0197dbbd4f13c0321/multimethod-2.0.2-py3-none-any.whl", hash = "sha256:e6e61347765ec0c154aef827bd6952a685a6693eb9d927fb530a6c364c77939e", size = 9561, upload-time = "2025-11-18T01:16:31.811Z" },
]

[[package]]
name = "pansi"
version = "2020.7.3"
source = { registry = "https://pypi.org/simple" }
dependencies = [
    { name = "six", marker = "python_full_version < '3.12'" },
]
sdist = { url = "https://files.pythonhosted.org/packages/22/0d/2c19187e820cbad87e73619fe2450d2698eb003eb0a0137551bd687a9676/pansi-2020.7.3.tar.gz", hash = "sha256:bd182d504528f870601acb0282aded411ad00a0148427b0e53a12162f4e74dcf", size = 11240, upload-time = "2020-07-09T15:33:07.241Z" }
wheels = [
    { url = "https://files.pythonhosted.org/packages/0b/15/7972e08b7ec14a8b10d5ff206c644d4478906c909c134123ed7e6bd16724/pansi-2020.7.3-py2.py3-none-any.whl", hash = "sha256:ce2b8acaf06dc59dcc711f61efbe53c836877f127d73f11fdd898b994e5c4234", size = 10916, upload-time = "2020-07-09T15:33:05.901Z" },
]

[[package]]
name = "platformdirs"
version = "4.9.6"
source = { registry = "https://pypi.org/simple" }
sdist = { url = "https://files.pythonhosted.org/packages/9f/4a/0883b8e3802965322523f0b200ecf33d31f10991d0401162f4b23c698b42/platformdirs-4.9.6.tar.gz", hash = "sha256:3bfa75b0ad0db84096ae777218481852c0ebc6c727b3168c1b9e0118e458cf0a", size = 29400, upload-time = "2026-04-09T00:04:10.812Z" }
wheels = [
    { url = "https://files.pythonhosted.org/packages/75/a6/a0a304dc33b49145b21f4808d763822111e67d1c3a32b524a1baf947b6e1/platformdirs-4.9.6-py3-none-any.whl", hash = "sha256:e61adb1d5e5cb3441b4b7710bea7e4c12250ca49439228cc1021c00dcfac0917", size = 21348, upload-time = "2026-04-09T00:04:09.463Z" },
]

[[package]]
name = "prompt-toolkit"
version = "3.0.52"
source = { registry = "https://pypi.org/simple" }
dependencies = [
    { name = "wcwidth" },
]
sdist = { url = "https://files.pythonhosted.org/packages/a1/96/06e01a7b38dce6fe1db213e061a4602dd6032a8a97ef6c1a862537732421/prompt_toolkit-3.0.52.tar.gz", hash = "sha256:28cde192929c8e7321de85de1ddbe736f1375148b02f2e17edd840042b1be855", size = 434198, upload-time = "2025-08-27T15:24:02.057Z" }
wheels = [
    { url = "https://files.pythonhosted.org/packages/84/03/0d3ce49e2505ae70cf43bc5bb3033955d2fc9f932163e84dc0779cc47f48/prompt_toolkit-3.0.52-py3-none-any.whl", hash = "sha256:9aac639a3bbd33284347de5ad8d68ecc044b91a762dc39b7c21095fcd6a19955", size = 391431, upload-time = "2025-08-27T15:23:59.498Z" },
]

[[package]]
name = "pygments"
version = "2.20.0"
source = { registry = "https://pypi.org/simple" }
sdist = { url = "https://files.pythonhosted.org/packages/c3/b2/bc9c9196916376152d655522fdcebac55e66de6603a76a02bca1b6414f6c/pygments-2.20.0.tar.gz", hash = "sha256:6757cd03768053ff99f3039c1a36d6c0aa0b263438fcab17520b30a303a82b5f", size = 4955991, upload-time = "2026-03-29T13:29:33.898Z" }
wheels = [
    { url = "https://files.pythonhosted.org/packages/f4/7e/a72dd26f3b0f4f2bf1dd8923c85f7ceb43172af56d63c7383eb62b332364/pygments-2.20.0-py3-none-any.whl", hash = "sha256:81a9e26dd42fd28a23a2d169d86d7ac03b46e2f8b59ed4698fb4785f946d0176", size = 1231151, upload-time = "2026-03-29T13:29:30.038Z" },
]

[[package]]
name = "python-magic"
version = "0.4.27"
source = { registry = "https://pypi.org/simple" }
sdist = { url = "https://files.pythonhosted.org/packages/da/db/0b3e28ac047452d079d375ec6798bf76a036a08182dbb39ed38116a49130/python-magic-0.4.27.tar.gz", hash = "sha256:c1ba14b08e4a5f5c31a302b7721239695b2f0f058d125bd5ce1ee36b9d9d3c3b", size = 14677, upload-time = "2022-06-07T20:16:59.508Z" }
wheels = [
    { url = "https://files.pythonhosted.org/packages/6c/73/9f872cb81fc5c3bb48f7227872c28975f998f3e7c2b1c16e95e6432bbb90/python_magic-0.4.27-py2.py3-none-any.whl", hash = "sha256:c212960ad306f700aa0d01e5d7a325d20548ff97eb9920dcd29513174f0294d3", size = 13840, upload-time = "2022-06-07T20:16:57.763Z" },
]

[[package]]
name = "six"
version = "1.17.0"
source = { registry = "https://pypi.org/simple" }
sdist = { url = "https://files.pythonhosted.org/packages/94/e7/b2c673351809dca68a0e064b6af791aa332cf192da575fd474ed7d6f16a2/six-1.17.0.tar.gz", hash = "sha256:ff70335d468e7eb6ec65b95b99d3a2836546063f63acc5171de367e834932a81", size = 34031, upload-time = "2024-12-04T17:35:28.174Z" }
wheels = [
    { url = "https://files.pythonhosted.org/packages/b7/ce/149a00dd41f10bc29e5921b496af8b574d8413afcd5e30dfa0ed46c2cc5e/six-1.17.0-py2.py3-none-any.whl", hash = "sha256:4721f391ed90541fddacab5acf947aa0d3dc7d27b2e1e8eda2be8970586c3274", size = 11050, upload-time = "2024-12-04T17:35:26.475Z" },
]

[[package]]
name = "talon"
source = { editable = "." }
dependencies = [
    { name = "colorist" },
    { name = "httpx" },
    { name = "hy" },
    { name = "hyjinx", version = "1.0.11", source = { registry = "https://pypi.org/simple" }, marker = "python_full_version < '3.12'" },
    { name = "hyjinx", version = "1.1.1", source = { registry = "https://pypi.org/simple" }, marker = "python_full_version == '3.12.*'" },
    { name = "hyjinx", version = "1.2.4", source = { registry = "https://pypi.org/simple" }, marker = "python_full_version >= '3.13'" },
    { name = "hyrule" },
    { name = "platformdirs" },
    { name = "prompt-toolkit" },
    { name = "pygments" },
    { name = "toolz" },
]

[package.metadata]
requires-dist = [
    { name = "colorist" },
    { name = "httpx" },
    { name = "hy", specifier = ">=1.0" },
    { name = "hyjinx" },
    { name = "hyrule" },
    { name = "platformdirs" },
    { name = "prompt-toolkit" },
    { name = "pygments" },
    { name = "toolz" },
]

[[package]]
name = "toolz"
version = "1.1.0"
source = { registry = "https://pypi.org/simple" }
sdist = { url = "https://files.pythonhosted.org/packages/11/d6/114b492226588d6ff54579d95847662fc69196bdeec318eb45393b24c192/toolz-1.1.0.tar.gz", hash = "sha256:27a5c770d068c110d9ed9323f24f1543e83b2f300a687b7891c1a6d56b697b5b", size = 52613, upload-time = "2025-10-17T04:03:21.661Z" }
wheels = [
    { url = "https://files.pythonhosted.org/packages/fb/12/5911ae3eeec47800503a238d971e51722ccea5feb8569b735184d5fcdbc0/toolz-1.1.0-py3-none-any.whl", hash = "sha256:15ccc861ac51c53696de0a5d6d4607f99c210739caf987b5d2054f3efed429d8", size = 58093, upload-time = "2025-10-17T04:03:20.435Z" },
]

[[package]]
name = "typing-extensions"
version = "4.15.0"
source = { registry = "https://pypi.org/simple" }
sdist = { url = "https://files.pythonhosted.org/packages/72/94/1a15dd82efb362ac84269196e94cf00f187f7ed21c242792a923cdb1c61f/typing_extensions-4.15.0.tar.gz", hash = "sha256:0cea48d173cc12fa28ecabc3b837ea3cf6f38c6d1136f85cbaaf598984861466", size = 109391, upload-time = "2025-08-25T13:49:26.313Z" }
wheels = [
    { url = "https://files.pythonhosted.org/packages/18/67/36e9267722cc04a6b9f15c7f3441c2363321a3ea07da7ae0c0707beb2a9c/typing_extensions-4.15.0-py3-none-any.whl", hash = "sha256:f0fa19c6845758ab08074a0cfa8b7aecb71c999ca73d62883bc25cc018c4e548", size = 44614, upload-time = "2025-08-25T13:49:24.86Z" },
]

[[package]]
name = "wcwidth"
version = "0.7.0"
source = { registry = "https://pypi.org/simple" }
sdist = { url = "https://files.pythonhosted.org/packages/2c/ee/afaf0f85a9a18fe47a67f1e4422ed6cf1fe642f0ae0a2f81166231303c52/wcwidth-0.7.0.tar.gz", hash = "sha256:90e3a7ea092341c44b99562e75d09e4d5160fe7a3974c6fb842a101a95e7eed0", size = 182132, upload-time = "2026-05-02T16:04:12.653Z" }
wheels = [
    { url = "https://files.pythonhosted.org/packages/41/52/e465037f5375f43533d1a80b6923955201596a99142ed524d77b571a1418/wcwidth-0.7.0-py3-none-any.whl", hash = "sha256:5d69154c429a82910e241c738cd0e2976fac8a2dd47a1a805f4afed1c0f136f2", size = 110825, upload-time = "2026-05-02T16:04:11.033Z" },
]
